// !$*UTF8*$!
{
	archiveVersion = 1;
	classes = {
	};
	objectVersion = 55;
	objects = {

/* Begin PBXBuildFile section */
		BECFC04326BAACBE005CC3AE /* TableServiceApp.swift in Sources */ = {isa = PBXBuildFile; fileRef = BECFC04226BAACBE005CC3AE /* TableServiceApp.swift */; };
		BECFC04726BAACC1005CC3AE /* Assets.xcassets in Resources */ = {isa = PBXBuildFile; fileRef = BECFC04626BAACC1005CC3AE /* Assets.xcassets */; };
		BECFC05426BAAD2C005CC3AE /* MenuView.swift in Sources */ = {isa = PBXBuildFile; fileRef = BECFC05326BAAD2C005CC3AE /* MenuView.swift */; };
		BECFC05626BAAE35005CC3AE /* GoogleService-Info.plist in Resources */ = {isa = PBXBuildFile; fileRef = BECFC05526BAAE35005CC3AE /* GoogleService-Info.plist */; };
		BECFC08126BAB413005CC3AE /* FirebaseAnalytics in Frameworks */ = {isa = PBXBuildFile; productRef = BECFC08026BAB413005CC3AE /* FirebaseAnalytics */; };
		BECFC08326BAB413005CC3AE /* FirebaseAuth in Frameworks */ = {isa = PBXBuildFile; productRef = BECFC08226BAB413005CC3AE /* FirebaseAuth */; };
		BECFC08526BAB413005CC3AE /* FirebaseFirestore in Frameworks */ = {isa = PBXBuildFile; productRef = BECFC08426BAB413005CC3AE /* FirebaseFirestore */; };
/* End PBXBuildFile section */

/* Begin PBXFileReference section */
		BECFC03F26BAACBE005CC3AE /* TableService.app */ = {isa = PBXFileReference; explicitFileType = wrapper.application; includeInIndex = 0; path = TableService.app; sourceTree = BUILT_PRODUCTS_DIR; };
		BECFC04226BAACBE005CC3AE /* TableServiceApp.swift */ = {isa = PBXFileReference; lastKnownFileType = sourcecode.swift; path = TableServiceApp.swift; sourceTree = "<group>"; };
		BECFC04626BAACC1005CC3AE /* Assets.xcassets */ = {isa = PBXFileReference; lastKnownFileType = folder.assetcatalog; path = Assets.xcassets; sourceTree = "<group>"; };
		BECFC05326BAAD2C005CC3AE /* MenuView.swift */ = {isa = PBXFileReference; lastKnownFileType = sourcecode.swift; path = MenuView.swift; sourceTree = "<group>"; };
		BECFC05526BAAE35005CC3AE /* GoogleService-Info.plist */ = {isa = PBXFileReference; fileEncoding = 4; lastKnownFileType = text.plist.xml; path = "GoogleService-Info.plist"; sourceTree = "<group>"; };
/* End PBXFileReference section */

/* Begin PBXFrameworksBuildPhase section */
		BECFC03C26BAACBE005CC3AE /* Frameworks */ = {
			isa = PBXFrameworksBuildPhase;
			buildActionMask = 2147483647;
			files = (
				BECFC08126BAB413005CC3AE /* FirebaseAnalytics in Frameworks */,
				BECFC08326BAB413005CC3AE /* FirebaseAuth in Frameworks */,
				BECFC08526BAB413005CC3AE /* FirebaseFirestore in Frameworks */,
			);
			runOnlyForDeploymentPostprocessing = 0;
		};
/* End PBXFrameworksBuildPhase section */

/* Begin PBXGroup section */
		BECFC03626BAACBE005CC3AE = {
			isa = PBXGroup;
			children = (
				BECFC04126BAACBE005CC3AE /* TableService */,
				BECFC04026BAACBE005CC3AE /* Products */,
			);
			sourceTree = "<group>";
		};
		BECFC04026BAACBE005CC3AE /* Products */ = {
			isa = PBXGroup;
			children = (
				BECFC03F26BAACBE005CC3AE /* TableService.app */,
			);
			name = Products;
			sourceTree = "<group>";
		};
		BECFC04126BAACBE005CC3AE /* TableService */ = {
			isa = PBXGroup;
			children = (
				BECFC04226BAACBE005CC3AE /* TableServiceApp.swift */,
				BECFC05026BAACFB005CC3AE /* Views */,
				BECFC05126BAAD01005CC3AE /* View Models */,
				BECFC05226BAAD0B005CC3AE /* Models */,
				BECFC05726BAAF2D005CC3AE /* Supporting Files */,
			);
			path = TableService;
			sourceTree = "<group>";
		};
		BECFC05026BAACFB005CC3AE /* Views */ = {
			isa = PBXGroup;
			children = (
				BECFC05326BAAD2C005CC3AE /* MenuView.swift */,
			);
			path = Views;
			sourceTree = "<group>";
		};
		BECFC05126BAAD01005CC3AE /* View Models */ = {
			isa = PBXGroup;
			children = (
			);
			path = "View Models";
			sourceTree = "<group>";
		};
		BECFC05226BAAD0B005CC3AE /* Models */ = {
			isa = PBXGroup;
			children = (
			);
			path = Models;
			sourceTree = "<group>";
		};
		BECFC05726BAAF2D005CC3AE /* Supporting Files */ = {
			isa = PBXGroup;
			children = (
				BECFC05526BAAE35005CC3AE /* GoogleService-Info.plist */,
				BECFC04626BAACC1005CC3AE /* Assets.xcassets */,
			);
			path = "Supporting Files";
			sourceTree = "<group>";
		};
/* End PBXGroup section */

/* Begin PBXNativeTarget section */
		BECFC03E26BAACBE005CC3AE /* TableService */ = {
			isa = PBXNativeTarget;
			buildConfigurationList = BECFC04D26BAACC1005CC3AE /* Build configuration list for PBXNativeTarget "TableService" */;
			buildPhases = (
				BECFC03B26BAACBE005CC3AE /* Sources */,
				BECFC03C26BAACBE005CC3AE /* Frameworks */,
				BECFC03D26BAACBE005CC3AE /* Resources */,
			);
			buildRules = (
			);
			dependencies = (
			);
			name = TableService;
			packageProductDependencies = (
				BECFC08026BAB413005CC3AE /* FirebaseAnalytics */,
				BECFC08226BAB413005CC3AE /* FirebaseAuth */,
				BECFC08426BAB413005CC3AE /* FirebaseFirestore */,
			);
			productName = TableService;
			productReference = BECFC03F26BAACBE005CC3AE /* TableService.app */;
			productType = "com.apple.product-type.application";
		};
/* End PBXNativeTarget section */

/* Begin PBXProject section */
		BECFC03726BAACBE005CC3AE /* Project object */ = {
			isa = PBXProject;
			attributes = {
				BuildIndependentTargetsInParallel = 1;
				LastSwiftUpdateCheck = 1300;
				LastUpgradeCheck = 1300;
				TargetAttributes = {
					BECFC03E26BAACBE005CC3AE = {
						CreatedOnToolsVersion = 13.0;
					};
				};
			};
			buildConfigurationList = BECFC03A26BAACBE005CC3AE /* Build configuration list for PBXProject "TableService" */;
			compatibilityVersion = "Xcode 13.0";
			developmentRegion = en;
			hasScannedForEncodings = 0;
			knownRegions = (
				en,
				Base,
			);
			mainGroup = BECFC03626BAACBE005CC3AE;
			packageReferences = (
				BECFC07F26BAB413005CC3AE /* XCRemoteSwiftPackageReference "firebase-ios-sdk" */,
			);
			productRefGroup = BECFC04026BAACBE005CC3AE /* Products */;
			projectDirPath = "";
			projectRoot = "";
			targets = (
				BECFC03E26BAACBE005CC3AE /* TableService */,
			);
		};
/* End PBXProject section */

/* Begin PBXResourcesBuildPhase section */
		BECFC03D26BAACBE005CC3AE /* Resources */ = {
			isa = PBXResourcesBuildPhase;
			buildActionMask = 2147483647;
			files = (
				BECFC04726BAACC1005CC3AE /* Assets.xcassets in Resources */,
				BECFC05626BAAE35005CC3AE /* GoogleService-Info.plist in Resources */,
			);
			runOnlyForDeploymentPostprocessing = 0;
		};
/* End PBXResourcesBuildPhase section */

/* Begin PBXSourcesBuildPhase section */
		BECFC03B26BAACBE005CC3AE /* Sources */ = {
			isa = PBXSourcesBuildPhase;
			buildActionMask = 2147483647;
			files = (
				BECFC04326BAACBE005CC3AE /* TableServiceApp.swift in Sources */,
				BECFC05426BAAD2C005CC3AE /* MenuView.swift in Sources */,
			);
			runOnlyForDeploymentPostprocessing = 0;
		};
/* End PBXSourcesBuildPhase section */

/* Begin XCBuildConfiguration section */
		BECFC04B26BAACC1005CC3AE /* Debug */ = {
			isa = XCBuildConfiguration;
			buildSettings = {
				ALWAYS_SEARCH_USER_PATHS = NO;
				CLANG_ANALYZER_NONNULL = YES;
				CLANG_ANALYZER_NUMBER_OBJECT_CONVERSION = YES_AGGRESSIVE;
				CLANG_CXX_LANGUAGE_STANDARD = "gnu++17";
				CLANG_CXX_LIBRARY = "libc++";
				CLANG_ENABLE_MODULES = YES;
				CLANG_ENABLE_OBJC_ARC = YES;
				CLANG_ENABLE_OBJC_WEAK = YES;
				CLANG_WARN_BLOCK_CAPTURE_AUTORELEASING = YES;
				CLANG_WARN_BOOL_CONVERSION = YES;
				CLANG_WARN_COMMA = YES;
				CLANG_WARN_CONSTANT_CONVERSION = YES;
				CLANG_WARN_DEPRECATED_OBJC_IMPLEMENTATIONS = YES;
				CLANG_WARN_DIRECT_OBJC_ISA_USAGE = YES_ERROR;
				CLANG_WARN_DOCUMENTATION_COMMENTS = YES;
				CLANG_WARN_EMPTY_BODY = YES;
				CLANG_WARN_ENUM_CONVERSION = YES;
				CLANG_WARN_INFINITE_RECURSION = YES;
				CLANG_WARN_INT_CONVERSION = YES;
				CLANG_WARN_NON_LITERAL_NULL_CONVERSION = YES;
				CLANG_WARN_OBJC_IMPLICIT_RETAIN_SELF = YES;
				CLANG_WARN_OBJC_LITERAL_CONVERSION = YES;
				CLANG_WARN_OBJC_ROOT_CLASS = YES_ERROR;
				CLANG_WARN_QUOTED_INCLUDE_IN_FRAMEWORK_HEADER = YES;
				CLANG_WARN_RANGE_LOOP_ANALYSIS = YES;
				CLANG_WARN_STRICT_PROTOTYPES = YES;
				CLANG_WARN_SUSPICIOUS_MOVE = YES;
				CLANG_WARN_UNGUARDED_AVAILABILITY = YES_AGGRESSIVE;
				CLANG_WARN_UNREACHABLE_CODE = YES;
				CLANG_WARN__DUPLICATE_METHOD_MATCH = YES;
				COPY_PHASE_STRIP = NO;
				DEBUG_INFORMATION_FORMAT = dwarf;
				ENABLE_STRICT_OBJC_MSGSEND = YES;
				ENABLE_TESTABILITY = YES;
				GCC_C_LANGUAGE_STANDARD = gnu11;
				GCC_DYNAMIC_NO_PIC = NO;
				GCC_NO_COMMON_BLOCKS = YES;
				GCC_OPTIMIZATION_LEVEL = 0;
				GCC_PREPROCESSOR_DEFINITIONS = (
					"DEBUG=1",
					"$(inherited)",
				);
				GCC_WARN_64_TO_32_BIT_CONVERSION = YES;
				GCC_WARN_ABOUT_RETURN_TYPE = YES_ERROR;
				GCC_WARN_UNDECLARED_SELECTOR = YES;
				GCC_WARN_UNINITIALIZED_AUTOS = YES_AGGRESSIVE;
				GCC_WARN_UNUSED_FUNCTION = YES;
				GCC_WARN_UNUSED_VARIABLE = YES;
				IPHONEOS_DEPLOYMENT_TARGET = 15.0;
				MTL_ENABLE_DEBUG_INFO = INCLUDE_SOURCE;
				MTL_FAST_MATH = YES;
				ONLY_ACTIVE_ARCH = YES;
				SDKROOT = iphoneos;
				SWIFT_ACTIVE_COMPILATION_CONDITIONS = DEBUG;
				SWIFT_OPTIMIZATION_LEVEL = "-Onone";
			};
			name = Debug;
		};
		BECFC04C26BAACC1005CC3AE /* Release */ = {
			isa = XCBuildConfiguration;
			buildSettings = {
				ALWAYS_SEARCH_USER_PATHS = NO;
				CLANG_ANALYZER_NONNULL = YES;
				CLANG_ANALYZER_NUMBER_OBJECT_CONVERSION = YES_AGGRESSIVE;
				CLANG_CXX_LANGUAGE_STANDARD = "gnu++17";
				CLANG_CXX_LIBRARY = "libc++";
				CLANG_ENABLE_MODULES = YES;
				CLANG_ENABLE_OBJC_ARC = YES;
				CLANG_ENABLE_OBJC_WEAK = YES;
				CLANG_WARN_BLOCK_CAPTURE_AUTORELEASING = YES;
				CLANG_WARN_BOOL_CONVERSION = YES;
				CLANG_WARN_COMMA = YES;
				CLANG_WARN_CONSTANT_CONVERSION = YES;
				CLANG_WARN_DEPRECATED_OBJC_IMPLEMENTATIONS = YES;
				CLANG_WARN_DIRECT_OBJC_ISA_USAGE = YES_ERROR;
				CLANG_WARN_DOCUMENTATION_COMMENTS = YES;
				CLANG_WARN_EMPTY_BODY = YES;
				CLANG_WARN_ENUM_CONVERSION = YES;
				CLANG_WARN_INFINITE_RECURSION = YES;
				CLANG_WARN_INT_CONVERSION = YES;
				CLANG_WARN_NON_LITERAL_NULL_CONVERSION = YES;
				CLANG_WARN_OBJC_IMPLICIT_RETAIN_SELF = YES;
				CLANG_WARN_OBJC_LITERAL_CONVERSION = YES;
				CLANG_WARN_OBJC_ROOT_CLASS = YES_ERROR;
				CLANG_WARN_QUOTED_INCLUDE_IN_FRAMEWORK_HEADER = YES;
				CLANG_WARN_RANGE_LOOP_ANALYSIS = YES;
				CLANG_WARN_STRICT_PROTOTYPES = YES;
				CLANG_WARN_SUSPICIOUS_MOVE = YES;
				CLANG_WARN_UNGUARDED_AVAILABILITY = YES_AGGRESSIVE;
				CLANG_WARN_UNREACHABLE_CODE = YES;
				CLANG_WARN__DUPLICATE_METHOD_MATCH = YES;
				COPY_PHASE_STRIP = NO;
				DEBUG_INFORMATION_FORMAT = "dwarf-with-dsym";
				ENABLE_NS_ASSERTIONS = NO;
				ENABLE_STRICT_OBJC_MSGSEND = YES;
				GCC_C_LANGUAGE_STANDARD = gnu11;
				GCC_NO_COMMON_BLOCKS = YES;
				GCC_WARN_64_TO_32_BIT_CONVERSION = YES;
				GCC_WARN_ABOUT_RETURN_TYPE = YES_ERROR;
				GCC_WARN_UNDECLARED_SELECTOR = YES;
				GCC_WARN_UNINITIALIZED_AUTOS = YES_AGGRESSIVE;
				GCC_WARN_UNUSED_FUNCTION = YES;
				GCC_WARN_UNUSED_VARIABLE = YES;
				IPHONEOS_DEPLOYMENT_TARGET = 15.0;
				MTL_ENABLE_DEBUG_INFO = NO;
				MTL_FAST_MATH = YES;
				SDKROOT = iphoneos;
				SWIFT_COMPILATION_MODE = wholemodule;
				SWIFT_OPTIMIZATION_LEVEL = "-O";
				VALIDATE_PRODUCT = YES;
			};
			name = Release;
		};
		BECFC04E26BAACC1005CC3AE /* Debug */ = {
			isa = XCBuildConfiguration;
			buildSettings = {
				ASSETCATALOG_COMPILER_APPICON_NAME = AppIcon;
				ASSETCATALOG_COMPILER_GLOBAL_ACCENT_COLOR_NAME = AccentColor;
				CODE_SIGN_STYLE = Automatic;
				CURRENT_PROJECT_VERSION = 1;
				DEVELOPMENT_ASSET_PATHS = "";
				DEVELOPMENT_TEAM = 4CQW4CFFYT;
				ENABLE_PREVIEWS = YES;
				GENERATE_INFOPLIST_FILE = YES;
				INFOPLIST_KEY_UIApplicationSceneManifest_Generation = YES;
				INFOPLIST_KEY_UIApplicationSupportsIndirectInputEvents = YES;
				INFOPLIST_KEY_UILaunchScreen_Generation = YES;
				INFOPLIST_KEY_UISupportedInterfaceOrientations_iPad = "UIInterfaceOrientationPortrait UIInterfaceOrientationPortraitUpsideDown UIInterfaceOrientationLandscapeLeft UIInterfaceOrientationLandscapeRight";
				INFOPLIST_KEY_UISupportedInterfaceOrientations_iPhone = "UIInterfaceOrientationPortrait UIInterfaceOrientationLandscapeLeft UIInterfaceOrientationLandscapeRight";
				IPHONEOS_DEPLOYMENT_TARGET = 15.0;
				LD_RUNPATH_SEARCH_PATHS = (
					"$(inherited)",
					"@executable_path/Frameworks",
				);
				MARKETING_VERSION = 1.0;
				PRODUCT_BUNDLE_IDENTIFIER = jackfinnis.TableService;
				PRODUCT_NAME = "$(TARGET_NAME)";
				SWIFT_EMIT_LOC_STRINGS = YES;
				SWIFT_VERSION = 5.0;
				TARGETED_DEVICE_FAMILY = "1,2";
			};
			name = Debug;
		};
		BECFC04F26BAACC1005CC3AE /* Release */ = {
			isa = XCBuildConfiguration;
			buildSettings = {
				ASSETCATALOG_COMPILER_APPICON_NAME = AppIcon;
				ASSETCATALOG_COMPILER_GLOBAL_ACCENT_COLOR_NAME = AccentColor;
				CODE_SIGN_STYLE = Automatic;
				CURRENT_PROJECT_VERSION = 1;
				DEVELOPMENT_ASSET_PATHS = "";
				DEVELOPMENT_TEAM = 4CQW4CFFYT;
				ENABLE_PREVIEWS = YES;
				GENERATE_INFOPLIST_FILE = YES;
				INFOPLIST_KEY_UIApplicationSceneManifest_Generation = YES;
				INFOPLIST_KEY_UIApplicationSupportsIndirectInputEvents = YES;
				INFOPLIST_KEY_UILaunchScreen_Generation = YES;
				INFOPLIST_KEY_UISupportedInterfaceOrientations_iPad = "UIInterfaceOrientationPortrait UIInterfaceOrientationPortraitUpsideDown UIInterfaceOrientationLandscapeLeft UIInterfaceOrientationLandscapeRight";
				INFOPLIST_KEY_UISupportedInterfaceOrientations_iPhone = "UIInterfaceOrientationPortrait UIInterfaceOrientationLandscapeLeft UIInterfaceOrientationLandscapeRight";
				IPHONEOS_DEPLOYMENT_TARGET = 15.0;
				LD_RUNPATH_SEARCH_PATHS = (
					"$(inherited)",
					"@executable_path/Frameworks",
				);
				MARKETING_VERSION = 1.0;
				PRODUCT_BUNDLE_IDENTIFIER = jackfinnis.TableService;
				PRODUCT_NAME = "$(TARGET_NAME)";
				SWIFT_EMIT_LOC_STRINGS = YES;
				SWIFT_VERSION = 5.0;
				TARGETED_DEVICE_FAMILY = "1,2";
			};
			name = Release;
		};
/* End XCBuildConfiguration section */

/* Begin XCConfigurationList section */
		BECFC03A26BAACBE005CC3AE /* Build configuration list for PBXProject "TableService" */ = {
			isa = XCConfigurationList;
			buildConfigurations = (
				BECFC04B26BAACC1005CC3AE /* Debug */,
				BECFC04C26BAACC1005CC3AE /* Release */,
			);
			defaultConfigurationIsVisible = 0;
			defaultConfigurationName = Release;
		};
		BECFC04D26BAACC1005CC3AE /* Build configuration list for PBXNativeTarget "TableService" */ = {
			isa = XCConfigurationList;
			buildConfigurations = (
				BECFC04E26BAACC1005CC3AE /* Debug */,
				BECFC04F26BAACC1005CC3AE /* Release */,
			);
			defaultConfigurationIsVisible = 0;
			defaultConfigurationName = Release;
		};
/* End XCConfigurationList section */

/* Begin XCRemoteSwiftPackageReference section */
		BECFC07F26BAB413005CC3AE /* XCRemoteSwiftPackageReference "firebase-ios-sdk" */ = {
			isa = XCRemoteSwiftPackageReference;
			repositoryURL = "https://github.com/firebase/firebase-ios-sdk.git";
			requirement = {
				branch = master;
				kind = branch;
			};
		};
/* End XCRemoteSwiftPackageReference section */

/* Begin XCSwiftPackageProductDependency section */
		BECFC08026BAB413005CC3AE /* FirebaseAnalytics */ = {
			isa = XCSwiftPackageProductDependency;
			package = BECFC07F26BAB413005CC3AE /* XCRemoteSwiftPackageReference "firebase-ios-sdk" */;
			productName = FirebaseAnalytics;
		};
		BECFC08226BAB413005CC3AE /* FirebaseAuth */ = {
			isa = XCSwiftPackageProductDependency;
			package = BECFC07F26BAB413005CC3AE /* XCRemoteSwiftPackageReference "firebase-ios-sdk" */;
			productName = FirebaseAuth;
		};
		BECFC08426BAB413005CC3AE /* FirebaseFirestore */ = {
			isa = XCSwiftPackageProductDependency;
			package = BECFC07F26BAB413005CC3AE /* XCRemoteSwiftPackageReference "firebase-ios-sdk" */;
			productName = FirebaseFirestore;
		};
/* End XCSwiftPackageProductDependency section */
	};
	rootObject = BECFC03726BAACBE005CC3AE /* Project object */;
}
